
Microsoft Visual Studio Solution File, Format Version 12.00
# Visual Studio 15
VisualStudioVersion = 15.0.27130.2027
MinimumVisualStudioVersion = 10.0.40219.1
Project("{8BC9CEB8-8B4A-11D0-8D11-00A0C91BC942}") = "Proyecto Final CGA", "Proyecto Final CGA\Proyecto Final CGA.vcxproj", "{A1D92BE6-4DD7-4FF5-91C1-A9DBA3CAF41E}"
EndProject
Global
	GlobalSection(SolutionConfigurationPlatforms) = preSolution
		Debug|x86 = Debug|x86
		Release|x86 = Release|x86
	EndGlobalSection
	GlobalSection(ProjectConfigurationPlatforms) = postSolution
		{A1D92BE6-4DD7-4FF5-91C1-A9DBA3CAF41E}.Debug|x86.ActiveCfg = Debug|Win32
		{A1D92BE6-4DD7-4FF5-91C1-A9DBA3CAF41E}.Debug|x86.Build.0 = Debug|Win32
		{A1D92BE6-4DD7-4FF5-91C1-A9DBA3CAF41E}.Release|x86.ActiveCfg = Release|Win32
		{A1D92BE6-4DD7-4FF5-91C1-A9DBA3CAF41E}.Release|x86.Build.0 = Release|Win32
	EndGlobalSection
	GlobalSection(SolutionProperties) = preSolution
		HideSolutionNode = FALSE
	EndGlobalSection
	GlobalSection(ExtensibilityGlobals) = postSolution
		SolutionGuid = {88A49A29-931D-4CEC-B46B-34AC0F1EB1B4}
	EndGlobalSection
EndGlobal
